// !$*UTF8*$!
{
	archiveVersion = 1;
	classes = {
	};
	objectVersion = 56;
	objects = {

/* Begin PBXBuildFile section */
		0185EE472A3FFD5E002CF3DE /* AppDelegate.m in Sources */ = {isa = PBXBuildFile; fileRef = 0185EE462A3FFD5E002CF3DE /* AppDelegate.m */; };
		0185EE4D2A3FFD5E002CF3DE /* ViewController.m in Sources */ = {isa = PBXBuildFile; fileRef = 0185EE4C2A3FFD5E002CF3DE /* ViewController.m */; };
		0185EE502A3FFD5E002CF3DE /* Main.storyboard in Resources */ = {isa = PBXBuildFile; fileRef = 0185EE4E2A3FFD5E002CF3DE /* Main.storyboard */; };
		0185EE522A3FFD60002CF3DE /* Assets.xcassets in Resources */ = {isa = PBXBuildFile; fileRef = 0185EE512A3FFD60002CF3DE /* Assets.xcassets */; };
		0185EE552A3FFD60002CF3DE /* LaunchScreen.storyboard in Resources */ = {isa = PBXBuildFile; fileRef = 0185EE532A3FFD60002CF3DE /* LaunchScreen.storyboard */; };
		0185EE582A3FFD60002CF3DE /* main.m in Sources */ = {isa = PBXBuildFile; fileRef = 0185EE572A3FFD60002CF3DE /* main.m */; };
		0185EE612A3FFDD3002CF3DE /* WWGCDTimer.m in Sources */ = {isa = PBXBuildFile; fileRef = 0185EE5F2A3FFDD3002CF3DE /* WWGCDTimer.m */; };
/* End PBXBuildFile section */

/* Begin PBXFileReference section */
		0185EE422A3FFD5E002CF3DE /* WWGCDTimer.app */ = {isa = PBXFileReference; explicitFileType = wrapper.application; includeInIndex = 0; path = WWGCDTimer.app; sourceTree = BUILT_PRODUCTS_DIR; };
		0185EE452A3FFD5E002CF3DE /* AppDelegate.h */ = {isa = PBXFileReference; lastKnownFileType = sourcecode.c.h; path = AppDelegate.h; sourceTree = "<group>"; };
		0185EE462A3FFD5E002CF3DE /* AppDelegate.m */ = {isa = PBXFileReference; lastKnownFileType = sourcecode.c.objc; path = AppDelegate.m; sourceTree = "<group>"; };
		0185EE4B2A3FFD5E002CF3DE /* ViewController.h */ = {isa = PBXFileReference; lastKnownFileType = sourcecode.c.h; path = ViewController.h; sourceTree = "<group>"; };
		0185EE4C2A3FFD5E002CF3DE /* ViewController.m */ = {isa = PBXFileReference; lastKnownFileType = sourcecode.c.objc; path = ViewController.m; sourceTree = "<group>"; };
		0185EE4F2A3FFD5E002CF3DE /* Base */ = {isa = PBXFileReference; lastKnownFileType = file.storyboard; name = Base; path = Base.lproj/Main.storyboard; sourceTree = "<group>"; };
		0185EE512A3FFD60002CF3DE /* Assets.xcassets */ = {isa = PBXFileReference; lastKnownFileType = folder.assetcatalog; path = Assets.xcassets; sourceTree = "<group>"; };
		0185EE542A3FFD60002CF3DE /* Base */ = {isa = PBXFileReference; lastKnownFileType = file.storyboard; name = Base; path = Base.lproj/LaunchScreen.storyboard; sourceTree = "<group>"; };
		0185EE562A3FFD60002CF3DE /* Info.plist */ = {isa = PBXFileReference; lastKnownFileType = text.plist.xml; path = Info.plist; sourceTree = "<group>"; };
		0185EE572A3FFD60002CF3DE /* main.m */ = {isa = PBXFileReference; lastKnownFileType = sourcecode.c.objc; path = main.m; sourceTree = "<group>"; };
		0185EE5F2A3FFDD3002CF3DE /* WWGCDTimer.m */ = {isa = PBXFileReference; fileEncoding = 4; lastKnownFileType = sourcecode.c.objc; path = WWGCDTimer.m; sourceTree = "<group>"; };
		0185EE602A3FFDD3002CF3DE /* WWGCDTimer.h */ = {isa = PBXFileReference; fileEncoding = 4; lastKnownFileType = sourcecode.c.h; path = WWGCDTimer.h; sourceTree = "<group>"; };
/* End PBXFileReference section */

/* Begin PBXFrameworksBuildPhase section */
		0185EE3F2A3FFD5E002CF3DE /* Frameworks */ = {
			isa = PBXFrameworksBuildPhase;
			buildActionMask = 2147483647;
			files = (
			);
			runOnlyForDeploymentPostprocessing = 0;
		};
/* End PBXFrameworksBuildPhase section */

/* Begin PBXGroup section */
		0185EE392A3FFD5E002CF3DE = {
			isa = PBXGroup;
			children = (
				0185EE442A3FFD5E002CF3DE /* WWGCDTimer */,
				0185EE432A3FFD5E002CF3DE /* Products */,
			);
			sourceTree = "<group>";
		};
		0185EE432A3FFD5E002CF3DE /* Products */ = {
			isa = PBXGroup;
			children = (
				0185EE422A3FFD5E002CF3DE /* WWGCDTimer.app */,
			);
			name = Products;
			sourceTree = "<group>";
		};
		0185EE442A3FFD5E002CF3DE /* WWGCDTimer */ = {
			isa = PBXGroup;
			children = (
				0185EE5E2A3FFDD3002CF3DE /* Classes */,
				0185EE452A3FFD5E002CF3DE /* AppDelegate.h */,
				0185EE462A3FFD5E002CF3DE /* AppDelegate.m */,
				0185EE4B2A3FFD5E002CF3DE /* ViewController.h */,
				0185EE4C2A3FFD5E002CF3DE /* ViewController.m */,
				0185EE4E2A3FFD5E002CF3DE /* Main.storyboard */,
				0185EE512A3FFD60002CF3DE /* Assets.xcassets */,
				0185EE532A3FFD60002CF3DE /* LaunchScreen.storyboard */,
				0185EE562A3FFD60002CF3DE /* Info.plist */,
				0185EE572A3FFD60002CF3DE /* main.m */,
			);
			path = WWGCDTimer;
			sourceTree = "<group>";
		};
		0185EE5E2A3FFDD3002CF3DE /* Classes */ = {
			isa = PBXGroup;
			children = (
				0185EE602A3FFDD3002CF3DE /* WWGCDTimer.h */,
				0185EE5F2A3FFDD3002CF3DE /* WWGCDTimer.m */,
			);
			path = Classes;
			sourceTree = "<group>";
		};
/* End PBXGroup section */

/* Begin PBXNativeTarget section */
		0185EE412A3FFD5E002CF3DE /* WWGCDTimer */ = {
			isa = PBXNativeTarget;
			buildConfigurationList = 0185EE5B2A3FFD60002CF3DE /* Build configuration list for PBXNativeTarget "WWGCDTimer" */;
			buildPhases = (
				0185EE3E2A3FFD5E002CF3DE /* Sources */,
				0185EE3F2A3FFD5E002CF3DE /* Frameworks */,
				0185EE402A3FFD5E002CF3DE /* Resources */,
			);
			buildRules = (
			);
			dependencies = (
			);
			name = WWGCDTimer;
			productName = WWGCDTimer;
			productReference = 0185EE422A3FFD5E002CF3DE /* WWGCDTimer.app */;
			productType = "com.apple.product-type.application";
		};
/* End PBXNativeTarget section */

/* Begin PBXProject section */
		0185EE3A2A3FFD5E002CF3DE /* Project object */ = {
			isa = PBXProject;
			attributes = {
				BuildIndependentTargetsInParallel = 1;
				LastUpgradeCheck = 1430;
				TargetAttributes = {
					0185EE412A3FFD5E002CF3DE = {
						CreatedOnToolsVersion = 14.3;
					};
				};
			};
			buildConfigurationList = 0185EE3D2A3FFD5E002CF3DE /* Build configuration list for PBXProject "WWGCDTimer" */;
			compatibilityVersion = "Xcode 14.0";
			developmentRegion = en;
			hasScannedForEncodings = 0;
			knownRegions = (
				en,
				Base,
			);
			mainGroup = 0185EE392A3FFD5E002CF3DE;
			productRefGroup = 0185EE432A3FFD5E002CF3DE /* Products */;
			projectDirPath = "";
			projectRoot = "";
			targets = (
				0185EE412A3FFD5E002CF3DE /* WWGCDTimer */,
			);
		};
/* End PBXProject section */

/* Begin PBXResourcesBuildPhase section */
		0185EE402A3FFD5E002CF3DE /* Resources */ = {
			isa = PBXResourcesBuildPhase;
			buildActionMask = 2147483647;
			files = (
				0185EE552A3FFD60002CF3DE /* LaunchScreen.storyboard in Resources */,
				0185EE522A3FFD60002CF3DE /* Assets.xcassets in Resources */,
				0185EE502A3FFD5E002CF3DE /* Main.storyboard in Resources */,
			);
			runOnlyForDeploymentPostprocessing = 0;
		};
/* End PBXResourcesBuildPhase section */

/* Begin PBXSourcesBuildPhase section */
		0185EE3E2A3FFD5E002CF3DE /* Sources */ = {
			isa = PBXSourcesBuildPhase;
			buildActionMask = 2147483647;
			files = (
				0185EE612A3FFDD3002CF3DE /* WWGCDTimer.m in Sources */,
				0185EE4D2A3FFD5E002CF3DE /* ViewController.m in Sources */,
				0185EE472A3FFD5E002CF3DE /* AppDelegate.m in Sources */,
				0185EE582A3FFD60002CF3DE /* main.m in Sources */,
			);
			runOnlyForDeploymentPostprocessing = 0;
		};
/* End PBXSourcesBuildPhase section */

/* Begin PBXVariantGroup section */
		0185EE4E2A3FFD5E002CF3DE /* Main.storyboard */ = {
			isa = PBXVariantGroup;
			children = (
				0185EE4F2A3FFD5E002CF3DE /* Base */,
			);
			name = Main.storyboard;
			sourceTree = "<group>";
		};
		0185EE532A3FFD60002CF3DE /* LaunchScreen.storyboard */ = {
			isa = PBXVariantGroup;
			children = (
				0185EE542A3FFD60002CF3DE /* Base */,
			);
			name = LaunchScreen.storyboard;
			sourceTree = "<group>";
		};
/* End PBXVariantGroup section */

/* Begin XCBuildConfiguration section */
		0185EE592A3FFD60002CF3DE /* Debug */ = {
			isa = XCBuildConfiguration;
			buildSettings = {
				ALWAYS_SEARCH_USER_PATHS = NO;
				CLANG_ANALYZER_NONNULL = YES;
				CLANG_ANALYZER_NUMBER_OBJECT_CONVERSION = YES_AGGRESSIVE;
				CLANG_CXX_LANGUAGE_STANDARD = "gnu++20";
				CLANG_ENABLE_MODULES = YES;
				CLANG_ENABLE_OBJC_ARC = YES;
				CLANG_ENABLE_OBJC_WEAK = YES;
				CLANG_WARN_BLOCK_CAPTURE_AUTORELEASING = YES;
				CLANG_WARN_BOOL_CONVERSION = YES;
				CLANG_WARN_COMMA = YES;
				CLANG_WARN_CONSTANT_CONVERSION = YES;
				CLANG_WARN_DEPRECATED_OBJC_IMPLEMENTATIONS = YES;
				CLANG_WARN_DIRECT_OBJC_ISA_USAGE = YES_ERROR;
				CLANG_WARN_DOCUMENTATION_COMMENTS = YES;
				CLANG_WARN_EMPTY_BODY = YES;
				CLANG_WARN_ENUM_CONVERSION = YES;
				CLANG_WARN_INFINITE_RECURSION = YES;
				CLANG_WARN_INT_CONVERSION = YES;
				CLANG_WARN_NON_LITERAL_NULL_CONVERSION = YES;
				CLANG_WARN_OBJC_IMPLICIT_RETAIN_SELF = YES;
				CLANG_WARN_OBJC_LITERAL_CONVERSION = YES;
				CLANG_WARN_OBJC_ROOT_CLASS = YES_ERROR;
				CLANG_WARN_QUOTED_INCLUDE_IN_FRAMEWORK_HEADER = YES;
				CLANG_WARN_RANGE_LOOP_ANALYSIS = YES;
				CLANG_WARN_STRICT_PROTOTYPES = YES;
				CLANG_WARN_SUSPICIOUS_MOVE = YES;
				CLANG_WARN_UNGUARDED_AVAILABILITY = YES_AGGRESSIVE;
				CLANG_WARN_UNREACHABLE_CODE = YES;
				CLANG_WARN__DUPLICATE_METHOD_MATCH = YES;
				COPY_PHASE_STRIP = NO;
				DEBUG_INFORMATION_FORMAT = dwarf;
				ENABLE_STRICT_OBJC_MSGSEND = YES;
				ENABLE_TESTABILITY = YES;
				GCC_C_LANGUAGE_STANDARD = gnu11;
				GCC_DYNAMIC_NO_PIC = NO;
				GCC_NO_COMMON_BLOCKS = YES;
				GCC_OPTIMIZATION_LEVEL = 0;
				GCC_PREPROCESSOR_DEFINITIONS = (
					"DEBUG=1",
					"$(inherited)",
				);
				GCC_WARN_64_TO_32_BIT_CONVERSION = YES;
				GCC_WARN_ABOUT_RETURN_TYPE = YES_ERROR;
				GCC_WARN_UNDECLARED_SELECTOR = YES;
				GCC_WARN_UNINITIALIZED_AUTOS = YES_AGGRESSIVE;
				GCC_WARN_UNUSED_FUNCTION = YES;
				GCC_WARN_UNUSED_VARIABLE = YES;
				IPHONEOS_DEPLOYMENT_TARGET = 16.4;
				MTL_ENABLE_DEBUG_INFO = INCLUDE_SOURCE;
				MTL_FAST_MATH = YES;
				ONLY_ACTIVE_ARCH = YES;
				SDKROOT = iphoneos;
			};
			name = Debug;
		};
		0185EE5A2A3FFD60002CF3DE /* Release */ = {
			isa = XCBuildConfiguration;
			buildSettings = {
				ALWAYS_SEARCH_USER_PATHS = NO;
				CLANG_ANALYZER_NONNULL = YES;
				CLANG_ANALYZER_NUMBER_OBJECT_CONVERSION = YES_AGGRESSIVE;
				CLANG_CXX_LANGUAGE_STANDARD = "gnu++20";
				CLANG_ENABLE_MODULES = YES;
				CLANG_ENABLE_OBJC_ARC = YES;
				CLANG_ENABLE_OBJC_WEAK = YES;
				CLANG_WARN_BLOCK_CAPTURE_AUTORELEASING = YES;
				CLANG_WARN_BOOL_CONVERSION = YES;
				CLANG_WARN_COMMA = YES;
				CLANG_WARN_CONSTANT_CONVERSION = YES;
				CLANG_WARN_DEPRECATED_OBJC_IMPLEMENTATIONS = YES;
				CLANG_WARN_DIRECT_OBJC_ISA_USAGE = YES_ERROR;
				CLANG_WARN_DOCUMENTATION_COMMENTS = YES;
				CLANG_WARN_EMPTY_BODY = YES;
				CLANG_WARN_ENUM_CONVERSION = YES;
				CLANG_WARN_INFINITE_RECURSION = YES;
				CLANG_WARN_INT_CONVERSION = YES;
				CLANG_WARN_NON_LITERAL_NULL_CONVERSION = YES;
				CLANG_WARN_OBJC_IMPLICIT_RETAIN_SELF = YES;
				CLANG_WARN_OBJC_LITERAL_CONVERSION = YES;
				CLANG_WARN_OBJC_ROOT_CLASS = YES_ERROR;
				CLANG_WARN_QUOTED_INCLUDE_IN_FRAMEWORK_HEADER = YES;
				CLANG_WARN_RANGE_LOOP_ANALYSIS = YES;
				CLANG_WARN_STRICT_PROTOTYPES = YES;
				CLANG_WARN_SUSPICIOUS_MOVE = YES;
				CLANG_WARN_UNGUARDED_AVAILABILITY = YES_AGGRESSIVE;
				CLANG_WARN_UNREACHABLE_CODE = YES;
				CLANG_WARN__DUPLICATE_METHOD_MATCH = YES;
				COPY_PHASE_STRIP = NO;
				DEBUG_INFORMATION_FORMAT = "dwarf-with-dsym";
				ENABLE_NS_ASSERTIONS = NO;
				ENABLE_STRICT_OBJC_MSGSEND = YES;
				GCC_C_LANGUAGE_STANDARD = gnu11;
				GCC_NO_COMMON_BLOCKS = YES;
				GCC_WARN_64_TO_32_BIT_CONVERSION = YES;
				GCC_WARN_ABOUT_RETURN_TYPE = YES_ERROR;
				GCC_WARN_UNDECLARED_SELECTOR = YES;
				GCC_WARN_UNINITIALIZED_AUTOS = YES_AGGRESSIVE;
				GCC_WARN_UNUSED_FUNCTION = YES;
				GCC_WARN_UNUSED_VARIABLE = YES;
				IPHONEOS_DEPLOYMENT_TARGET = 16.4;
				MTL_ENABLE_DEBUG_INFO = NO;
				MTL_FAST_MATH = YES;
				SDKROOT = iphoneos;
				VALIDATE_PRODUCT = YES;
			};
			name = Release;
		};
		0185EE5C2A3FFD60002CF3DE /* Debug */ = {
			isa = XCBuildConfiguration;
			buildSettings = {
				ASSETCATALOG_COMPILER_APPICON_NAME = AppIcon;
				ASSETCATALOG_COMPILER_GLOBAL_ACCENT_COLOR_NAME = AccentColor;
				CODE_SIGN_STYLE = Automatic;
				CURRENT_PROJECT_VERSION = 1;
				GENERATE_INFOPLIST_FILE = YES;
				INFOPLIST_FILE = WWGCDTimer/Info.plist;
				INFOPLIST_KEY_UIApplicationSupportsIndirectInputEvents = YES;
				INFOPLIST_KEY_UILaunchStoryboardName = LaunchScreen;
				INFOPLIST_KEY_UIMainStoryboardFile = Main;
				INFOPLIST_KEY_UIRequiresFullScreen = YES;
				INFOPLIST_KEY_UISupportedInterfaceOrientations = "UIInterfaceOrientationLandscapeLeft UIInterfaceOrientationLandscapeRight UIInterfaceOrientationPortrait";
				IPHONEOS_DEPLOYMENT_TARGET = 12.0;
				LD_RUNPATH_SEARCH_PATHS = (
					"$(inherited)",
					"@executable_path/Frameworks",
				);
				MARKETING_VERSION = 1.0.0;
				PRODUCT_BUNDLE_IDENTIFIER = com.WWGCDTimer.www;
				PRODUCT_NAME = "$(TARGET_NAME)";
				SWIFT_EMIT_LOC_STRINGS = YES;
				TARGETED_DEVICE_FAMILY = "1,2";
			};
			name = Debug;
		};
		0185EE5D2A3FFD60002CF3DE /* Release */ = {
			isa = XCBuildConfiguration;
			buildSettings = {
				ASSETCATALOG_COMPILER_APPICON_NAME = AppIcon;
				ASSETCATALOG_COMPILER_GLOBAL_ACCENT_COLOR_NAME = AccentColor;
				CODE_SIGN_STYLE = Automatic;
				CURRENT_PROJECT_VERSION = 1;
				GENERATE_INFOPLIST_FILE = YES;
				INFOPLIST_FILE = WWGCDTimer/Info.plist;
				INFOPLIST_KEY_UIApplicationSupportsIndirectInputEvents = YES;
				INFOPLIST_KEY_UILaunchStoryboardName = LaunchScreen;
				INFOPLIST_KEY_UIMainStoryboardFile = Main;
				INFOPLIST_KEY_UIRequiresFullScreen = YES;
				INFOPLIST_KEY_UISupportedInterfaceOrientations = "UIInterfaceOrientationLandscapeLeft UIInterfaceOrientationLandscapeRight UIInterfaceOrientationPortrait";
				IPHONEOS_DEPLOYMENT_TARGET = 12.0;
				LD_RUNPATH_SEARCH_PATHS = (
					"$(inherited)",
					"@executable_path/Frameworks",
				);
				MARKETING_VERSION = 1.0.0;
				PRODUCT_BUNDLE_IDENTIFIER = com.WWGCDTimer.www;
				PRODUCT_NAME = "$(TARGET_NAME)";
				SWIFT_EMIT_LOC_STRINGS = YES;
				TARGETED_DEVICE_FAMILY = "1,2";
			};
			name = Release;
		};
/* End XCBuildConfiguration section */

/* Begin XCConfigurationList section */
		0185EE3D2A3FFD5E002CF3DE /* Build configuration list for PBXProject "WWGCDTimer" */ = {
			isa = XCConfigurationList;
			buildConfigurations = (
				0185EE592A3FFD60002CF3DE /* Debug */,
				0185EE5A2A3FFD60002CF3DE /* Release */,
			);
			defaultConfigurationIsVisible = 0;
			defaultConfigurationName = Release;
		};
		0185EE5B2A3FFD60002CF3DE /* Build configuration list for PBXNativeTarget "WWGCDTimer" */ = {
			isa = XCConfigurationList;
			buildConfigurations = (
				0185EE5C2A3FFD60002CF3DE /* Debug */,
				0185EE5D2A3FFD60002CF3DE /* Release */,
			);
			defaultConfigurationIsVisible = 0;
			defaultConfigurationName = Release;
		};
/* End XCConfigurationList section */
	};
	rootObject = 0185EE3A2A3FFD5E002CF3DE /* Project object */;
}
